
Microsoft Visual Studio Solution File, Format Version 12.00
# Visual Studio 15
VisualStudioVersion = 15.0.27130.2036
MinimumVisualStudioVersion = 10.0.40219.1
Project("{9A19103F-16F7-4668-BE54-9A1E7A4F7556}") = "BankReportTest", "BankReportTest\BankReportTest.csproj", "{A6776D72-1C19-453C-B1EC-AB54154B56F2}"
EndProject
Project("{9A19103F-16F7-4668-BE54-9A1E7A4F7556}") = "BankReport", "Standart\BankReport.csproj", "{E7E06B55-5972-4024-8BCF-A3C2E4326178}"
EndProject
Project("{2150E333-8FDC-42A3-9474-1A3956D46DE8}") = "Persistance", "Persistance", "{A1B38F13-446D-431D-8C2F-84B88C603364}"
EndProject
Project("{2150E333-8FDC-42A3-9474-1A3956D46DE8}") = "Core", "Core", "{C4A1D402-FCBB-492D-A32B-D736FEB8C604}"
EndProject
Project("{2150E333-8FDC-42A3-9474-1A3956D46DE8}") = "Test", "Test", "{6BA1D66B-FB21-48CD-8773-3C7CFBF34C2C}"
EndProject
Project("{2150E333-8FDC-42A3-9474-1A3956D46DE8}") = "Presentation", "Presentation", "{55DFC588-200F-4123-8E26-592E47174755}"
EndProject
Project("{9A19103F-16F7-4668-BE54-9A1E7A4F7556}") = "Entity", "Entities\Entity.csproj", "{A648A57F-C893-4CC6-A071-F820907B85A1}"
EndProject
Project("{9A19103F-16F7-4668-BE54-9A1E7A4F7556}") = "Domain", "Domain\Domain.csproj", "{1FE0F3A8-01FB-46A1-9F86-C54F78E386EA}"
EndProject
Project("{9A19103F-16F7-4668-BE54-9A1E7A4F7556}") = "Application", "Application\Application.csproj", "{06BD8533-F04A-400A-A170-43198A948E8B}"
EndProject
Project("{9A19103F-16F7-4668-BE54-9A1E7A4F7556}") = "EFStorage", "EFStorage\EFStorage.csproj", "{9CD5177D-D9CC-4063-9B9E-340D097F6CA1}"
EndProject
Project("{9A19103F-16F7-4668-BE54-9A1E7A4F7556}") = "ConsoleMoneyLeakAnalyzer", "ConsoleMoneyLeakAnalyzer\ConsoleMoneyLeakAnalyzer.csproj", "{5F3DEFDE-793B-4E65-A5AE-D782460C14B7}"
EndProject
Project("{9A19103F-16F7-4668-BE54-9A1E7A4F7556}") = "WebCoreApplication", "WebCoreApplication\WebCoreApplication.csproj", "{803FBA88-B0F5-4A6C-9D05-88DFC8443D43}"
EndProject
Project("{9A19103F-16F7-4668-BE54-9A1E7A4F7556}") = "ApplicationTest", "ApplicationTest\ApplicationTest.csproj", "{E61B32A8-474F-4DD5-9EDA-A37D7C29231A}"
EndProject
Project("{FAE04EC0-301F-11D3-BF4B-00C04F79EFBC}") = "ApplicationIntegrationTest", "ApplicationIntegrationTest\ApplicationIntegrationTest.csproj", "{728E253E-6A10-4062-9E35-12E013216BC1}"
EndProject
Global
	GlobalSection(SolutionConfigurationPlatforms) = preSolution
		Debug|Any CPU = Debug|Any CPU
		Release|Any CPU = Release|Any CPU
	EndGlobalSection
	GlobalSection(ProjectConfigurationPlatforms) = postSolution
		{A6776D72-1C19-453C-B1EC-AB54154B56F2}.Debug|Any CPU.ActiveCfg = Debug|Any CPU
		{A6776D72-1C19-453C-B1EC-AB54154B56F2}.Debug|Any CPU.Build.0 = Debug|Any CPU
		{A6776D72-1C19-453C-B1EC-AB54154B56F2}.Release|Any CPU.ActiveCfg = Release|Any CPU
		{A6776D72-1C19-453C-B1EC-AB54154B56F2}.Release|Any CPU.Build.0 = Release|Any CPU
		{E7E06B55-5972-4024-8BCF-A3C2E4326178}.Debug|Any CPU.ActiveCfg = Debug|Any CPU
		{E7E06B55-5972-4024-8BCF-A3C2E4326178}.Debug|Any CPU.Build.0 = Debug|Any CPU
		{E7E06B55-5972-4024-8BCF-A3C2E4326178}.Release|Any CPU.ActiveCfg = Release|Any CPU
		{E7E06B55-5972-4024-8BCF-A3C2E4326178}.Release|Any CPU.Build.0 = Release|Any CPU
		{A648A57F-C893-4CC6-A071-F820907B85A1}.Debug|Any CPU.ActiveCfg = Debug|Any CPU
		{A648A57F-C893-4CC6-A071-F820907B85A1}.Debug|Any CPU.Build.0 = Debug|Any CPU
		{A648A57F-C893-4CC6-A071-F820907B85A1}.Release|Any CPU.ActiveCfg = Release|Any CPU
		{A648A57F-C893-4CC6-A071-F820907B85A1}.Release|Any CPU.Build.0 = Release|Any CPU
		{1FE0F3A8-01FB-46A1-9F86-C54F78E386EA}.Debug|Any CPU.ActiveCfg = Debug|Any CPU
		{1FE0F3A8-01FB-46A1-9F86-C54F78E386EA}.Debug|Any CPU.Build.0 = Debug|Any CPU
		{1FE0F3A8-01FB-46A1-9F86-C54F78E386EA}.Release|Any CPU.ActiveCfg = Release|Any CPU
		{1FE0F3A8-01FB-46A1-9F86-C54F78E386EA}.Release|Any CPU.Build.0 = Release|Any CPU
		{06BD8533-F04A-400A-A170-43198A948E8B}.Debug|Any CPU.ActiveCfg = Debug|Any CPU
		{06BD8533-F04A-400A-A170-43198A948E8B}.Debug|Any CPU.Build.0 = Debug|Any CPU
		{06BD8533-F04A-400A-A170-43198A948E8B}.Release|Any CPU.ActiveCfg = Release|Any CPU
		{06BD8533-F04A-400A-A170-43198A948E8B}.Release|Any CPU.Build.0 = Release|Any CPU
		{9CD5177D-D9CC-4063-9B9E-340D097F6CA1}.Debug|Any CPU.ActiveCfg = Debug|Any CPU
		{9CD5177D-D9CC-4063-9B9E-340D097F6CA1}.Debug|Any CPU.Build.0 = Debug|Any CPU
		{9CD5177D-D9CC-4063-9B9E-340D097F6CA1}.Release|Any CPU.ActiveCfg = Release|Any CPU
		{9CD5177D-D9CC-4063-9B9E-340D097F6CA1}.Release|Any CPU.Build.0 = Release|Any CPU
		{5F3DEFDE-793B-4E65-A5AE-D782460C14B7}.Debug|Any CPU.ActiveCfg = Debug|Any CPU
		{5F3DEFDE-793B-4E65-A5AE-D782460C14B7}.Debug|Any CPU.Build.0 = Debug|Any CPU
		{5F3DEFDE-793B-4E65-A5AE-D782460C14B7}.Release|Any CPU.ActiveCfg = Release|Any CPU
		{5F3DEFDE-793B-4E65-A5AE-D782460C14B7}.Release|Any CPU.Build.0 = Release|Any CPU
		{803FBA88-B0F5-4A6C-9D05-88DFC8443D43}.Debug|Any CPU.ActiveCfg = Debug|Any CPU
		{803FBA88-B0F5-4A6C-9D05-88DFC8443D43}.Debug|Any CPU.Build.0 = Debug|Any CPU
		{803FBA88-B0F5-4A6C-9D05-88DFC8443D43}.Release|Any CPU.ActiveCfg = Release|Any CPU
		{803FBA88-B0F5-4A6C-9D05-88DFC8443D43}.Release|Any CPU.Build.0 = Release|Any CPU
		{E61B32A8-474F-4DD5-9EDA-A37D7C29231A}.Debug|Any CPU.ActiveCfg = Debug|Any CPU
		{E61B32A8-474F-4DD5-9EDA-A37D7C29231A}.Debug|Any CPU.Build.0 = Debug|Any CPU
		{E61B32A8-474F-4DD5-9EDA-A37D7C29231A}.Release|Any CPU.ActiveCfg = Release|Any CPU
		{E61B32A8-474F-4DD5-9EDA-A37D7C29231A}.Release|Any CPU.Build.0 = Release|Any CPU
		{728E253E-6A10-4062-9E35-12E013216BC1}.Debug|Any CPU.ActiveCfg = Debug|Any CPU
		{728E253E-6A10-4062-9E35-12E013216BC1}.Debug|Any CPU.Build.0 = Debug|Any CPU
		{728E253E-6A10-4062-9E35-12E013216BC1}.Release|Any CPU.ActiveCfg = Release|Any CPU
		{728E253E-6A10-4062-9E35-12E013216BC1}.Release|Any CPU.Build.0 = Release|Any CPU
	EndGlobalSection
	GlobalSection(SolutionProperties) = preSolution
		HideSolutionNode = FALSE
	EndGlobalSection
	GlobalSection(NestedProjects) = preSolution
		{A6776D72-1C19-453C-B1EC-AB54154B56F2} = {6BA1D66B-FB21-48CD-8773-3C7CFBF34C2C}
		{E7E06B55-5972-4024-8BCF-A3C2E4326178} = {C4A1D402-FCBB-492D-A32B-D736FEB8C604}
		{A648A57F-C893-4CC6-A071-F820907B85A1} = {C4A1D402-FCBB-492D-A32B-D736FEB8C604}
		{1FE0F3A8-01FB-46A1-9F86-C54F78E386EA} = {C4A1D402-FCBB-492D-A32B-D736FEB8C604}
		{06BD8533-F04A-400A-A170-43198A948E8B} = {C4A1D402-FCBB-492D-A32B-D736FEB8C604}
		{9CD5177D-D9CC-4063-9B9E-340D097F6CA1} = {A1B38F13-446D-431D-8C2F-84B88C603364}
		{5F3DEFDE-793B-4E65-A5AE-D782460C14B7} = {55DFC588-200F-4123-8E26-592E47174755}
		{803FBA88-B0F5-4A6C-9D05-88DFC8443D43} = {55DFC588-200F-4123-8E26-592E47174755}
		{E61B32A8-474F-4DD5-9EDA-A37D7C29231A} = {6BA1D66B-FB21-48CD-8773-3C7CFBF34C2C}
		{728E253E-6A10-4062-9E35-12E013216BC1} = {6BA1D66B-FB21-48CD-8773-3C7CFBF34C2C}
	EndGlobalSection
	GlobalSection(ExtensibilityGlobals) = postSolution
		SolutionGuid = {745F7D27-8A20-4FE3-BE57-3A623F56FC8E}
	EndGlobalSection
EndGlobal
